
Microsoft Visual Studio Solution File, Format Version 12.00
# Visual Studio 15
VisualStudioVersion = 15.0.27004.2010
MinimumVisualStudioVersion = 10.0.40219.1
Project("{8BC9CEB8-8B4A-11D0-8D11-00A0C91BC942}") = "GameEngine", "GameEngine\GameEngine.vcxproj", "{8344EC53-164B-41A2-B730-A4E7A0503DE9}"
EndProject
Global
	GlobalSection(SolutionConfigurationPlatforms) = preSolution
		Debug|x64 = Debug|x64
		Debug|x86 = Debug|x86
		Release|x64 = Release|x64
		Release|x86 = Release|x86
	EndGlobalSection
	GlobalSection(ProjectConfigurationPlatforms) = postSolution
		{8344EC53-164B-41A2-B730-A4E7A0503DE9}.Debug|x64.ActiveCfg = Debug|x64
		{8344EC53-164B-41A2-B730-A4E7A0503DE9}.Debug|x64.Build.0 = Debug|x64
		{8344EC53-164B-41A2-B730-A4E7A0503DE9}.Debug|x86.ActiveCfg = Debug|Win32
		{8344EC53-164B-41A2-B730-A4E7A0503DE9}.Debug|x86.Build.0 = Debug|Win32
		{8344EC53-164B-41A2-B730-A4E7A0503DE9}.Release|x64.ActiveCfg = Release|x64
		{8344EC53-164B-41A2-B730-A4E7A0503DE9}.Release|x64.Build.0 = Release|x64
		{8344EC53-164B-41A2-B730-A4E7A0503DE9}.Release|x86.ActiveCfg = Release|Win32
		{8344EC53-164B-41A2-B730-A4E7A0503DE9}.Release|x86.Build.0 = Release|Win32
	EndGlobalSection
	GlobalSection(SolutionProperties) = preSolution
		HideSolutionNode = FALSE
	EndGlobalSection
	GlobalSection(ExtensibilityGlobals) = postSolution
		SolutionGuid = {3C214E9E-76CA-49ED-BCD6-76487EB87DDD}
	EndGlobalSection
EndGlobal
